
Microsoft Visual Studio Solution File, Format Version 12.00
# Visual Studio 15
VisualStudioVersion = 15.0.28010.2016
MinimumVisualStudioVersion = 10.0.40219.1
Project("{FAE04EC0-301F-11D3-BF4B-00C04F79EFBC}") = "pr_lab2", "pr_lab2\pr_lab2.csproj", "{A04C5CA9-F84F-4159-8627-EBC2E18D2C68}"
EndProject
Global
	GlobalSection(SolutionConfigurationPlatforms) = preSolution
		Debug|Any CPU = Debug|Any CPU
		Release|Any CPU = Release|Any CPU
	EndGlobalSection
	GlobalSection(ProjectConfigurationPlatforms) = postSolution
		{A04C5CA9-F84F-4159-8627-EBC2E18D2C68}.Debug|Any CPU.ActiveCfg = Debug|Any CPU
		{A04C5CA9-F84F-4159-8627-EBC2E18D2C68}.Debug|Any CPU.Build.0 = Debug|Any CPU
		{A04C5CA9-F84F-4159-8627-EBC2E18D2C68}.Release|Any CPU.ActiveCfg = Release|Any CPU
		{A04C5CA9-F84F-4159-8627-EBC2E18D2C68}.Release|Any CPU.Build.0 = Release|Any CPU
	EndGlobalSection
	GlobalSection(SolutionProperties) = preSolution
		HideSolutionNode = FALSE
	EndGlobalSection
	GlobalSection(ExtensibilityGlobals) = postSolution
		SolutionGuid = {FB3E108A-BCB1-48F0-8C61-8E9E08EC1047}
	EndGlobalSection
EndGlobal
