
Microsoft Visual Studio Solution File, Format Version 12.00
# Visual Studio 15
VisualStudioVersion = 15.0.28307.572
MinimumVisualStudioVersion = 10.0.40219.1
Project("{FAE04EC0-301F-11D3-BF4B-00C04F79EFBC}") = "SignalIRChat", "SignalIRChat\SignalIRChat.csproj", "{3F7605EF-DA41-4CFA-B3FE-32CFBB78E274}"
EndProject
Global
	GlobalSection(SolutionConfigurationPlatforms) = preSolution
		Debug|Any CPU = Debug|Any CPU
		Release|Any CPU = Release|Any CPU
	EndGlobalSection
	GlobalSection(ProjectConfigurationPlatforms) = postSolution
		{3F7605EF-DA41-4CFA-B3FE-32CFBB78E274}.Debug|Any CPU.ActiveCfg = Debug|Any CPU
		{3F7605EF-DA41-4CFA-B3FE-32CFBB78E274}.Debug|Any CPU.Build.0 = Debug|Any CPU
		{3F7605EF-DA41-4CFA-B3FE-32CFBB78E274}.Release|Any CPU.ActiveCfg = Release|Any CPU
		{3F7605EF-DA41-4CFA-B3FE-32CFBB78E274}.Release|Any CPU.Build.0 = Release|Any CPU
	EndGlobalSection
	GlobalSection(SolutionProperties) = preSolution
		HideSolutionNode = FALSE
	EndGlobalSection
	GlobalSection(ExtensibilityGlobals) = postSolution
		SolutionGuid = {5C6624F6-DC86-4BA7-A5DC-D8EF1A396681}
	EndGlobalSection
EndGlobal
